
Microsoft Visual Studio Solution File, Format Version 12.00
# Visual Studio 15
VisualStudioVersion = 15.0.26403.7
MinimumVisualStudioVersion = 10.0.40219.1
Project("{8BC9CEB8-8B4A-11D0-8D11-00A0C91BC942}") = "cuda_dll", "cuda_dll\cuda_dll.vcxproj", "{52395DF6-5399-4C69-B06D-3397E9CC5308}"
EndProject
Project("{FAE04EC0-301F-11D3-BF4B-00C04F79EFBC}") = "GeoCuda", "GeoCuda\GeoCuda.csproj", "{2904319F-F987-469C-AEA0-1C3C5937F18C}"
EndProject
Global
	GlobalSection(SolutionConfigurationPlatforms) = preSolution
		Debug|Any CPU = Debug|Any CPU
		Debug|x64 = Debug|x64
		Debug|x86 = Debug|x86
		Release|Any CPU = Release|Any CPU
		Release|x64 = Release|x64
		Release|x86 = Release|x86
	EndGlobalSection
	GlobalSection(ProjectConfigurationPlatforms) = postSolution
		{52395DF6-5399-4C69-B06D-3397E9CC5308}.Debug|Any CPU.ActiveCfg = Debug|Win32
		{52395DF6-5399-4C69-B06D-3397E9CC5308}.Debug|x64.ActiveCfg = Debug|x64
		{52395DF6-5399-4C69-B06D-3397E9CC5308}.Debug|x64.Build.0 = Debug|x64
		{52395DF6-5399-4C69-B06D-3397E9CC5308}.Debug|x86.ActiveCfg = Debug|Win32
		{52395DF6-5399-4C69-B06D-3397E9CC5308}.Debug|x86.Build.0 = Debug|Win32
		{52395DF6-5399-4C69-B06D-3397E9CC5308}.Release|Any CPU.ActiveCfg = Release|Win32
		{52395DF6-5399-4C69-B06D-3397E9CC5308}.Release|x64.ActiveCfg = Release|x64
		{52395DF6-5399-4C69-B06D-3397E9CC5308}.Release|x64.Build.0 = Release|x64
		{52395DF6-5399-4C69-B06D-3397E9CC5308}.Release|x86.ActiveCfg = Release|Win32
		{52395DF6-5399-4C69-B06D-3397E9CC5308}.Release|x86.Build.0 = Release|Win32
		{2904319F-F987-469C-AEA0-1C3C5937F18C}.Debug|Any CPU.ActiveCfg = Debug|Any CPU
		{2904319F-F987-469C-AEA0-1C3C5937F18C}.Debug|Any CPU.Build.0 = Debug|Any CPU
		{2904319F-F987-469C-AEA0-1C3C5937F18C}.Debug|x64.ActiveCfg = Debug|x64
		{2904319F-F987-469C-AEA0-1C3C5937F18C}.Debug|x64.Build.0 = Debug|x64
		{2904319F-F987-469C-AEA0-1C3C5937F18C}.Debug|x86.ActiveCfg = Debug|x86
		{2904319F-F987-469C-AEA0-1C3C5937F18C}.Debug|x86.Build.0 = Debug|x86
		{2904319F-F987-469C-AEA0-1C3C5937F18C}.Release|Any CPU.ActiveCfg = Release|Any CPU
		{2904319F-F987-469C-AEA0-1C3C5937F18C}.Release|Any CPU.Build.0 = Release|Any CPU
		{2904319F-F987-469C-AEA0-1C3C5937F18C}.Release|x64.ActiveCfg = Release|x64
		{2904319F-F987-469C-AEA0-1C3C5937F18C}.Release|x64.Build.0 = Release|x64
		{2904319F-F987-469C-AEA0-1C3C5937F18C}.Release|x86.ActiveCfg = Release|x86
		{2904319F-F987-469C-AEA0-1C3C5937F18C}.Release|x86.Build.0 = Release|x86
	EndGlobalSection
	GlobalSection(SolutionProperties) = preSolution
		HideSolutionNode = FALSE
	EndGlobalSection
EndGlobal
